// !$*UTF8*$!
{
	archiveVersion = 1;
	classes = {
	};
	objectVersion = 60;
	objects = {

/* Begin PBXBuildFile section */
			111111111111111111111111 /* PKdictationApp.swift in Sources */ = {isa = PBXBuildFile; fileRef = 11111111111111111111111C /* PKdictationApp.swift */; };
		111111111111111111111113 /* AppDelegate.swift in Sources */ = {isa = PBXBuildFile; fileRef = 111111111111111111111114 /* AppDelegate.swift */; };
		111111111111111111111115 /* AppModel.swift in Sources */ = {isa = PBXBuildFile; fileRef = 111111111111111111111116 /* AppModel.swift */; };
		111111111111111111111161 /* Assets.xcassets in Resources */ = {isa = PBXBuildFile; fileRef = 111111111111111111111160 /* Assets.xcassets */; };
		111111111111111111111163 /* LogStore.swift in Sources */ = {isa = PBXBuildFile; fileRef = 111111111111111111111162 /* LogStore.swift */; };
		111111111111111111111136 /* AudioCaptureManager.swift in Sources */ = {isa = PBXBuildFile; fileRef = 11111111111111111111112F /* AudioCaptureManager.swift */; };
		111111111111111111111168 /* MicrophonePermission.swift in Sources */ = {isa = PBXBuildFile; fileRef = 111111111111111111111167 /* MicrophonePermission.swift */; };
		111111111111111111111137 /* AudioLevelMeter.swift in Sources */ = {isa = PBXBuildFile; fileRef = 111111111111111111111130 /* AudioLevelMeter.swift */; };
		111111111111111111111138 /* DictationController.swift in Sources */ = {isa = PBXBuildFile; fileRef = 111111111111111111111131 /* DictationController.swift */; };
		111111111111111111111143 /* GeminiClient.swift in Sources */ = {isa = PBXBuildFile; fileRef = 111111111111111111111141 /* GeminiClient.swift */; };
		11111111111111111111114C /* AccessibilityPermission.swift in Sources */ = {isa = PBXBuildFile; fileRef = 111111111111111111111148 /* AccessibilityPermission.swift */; };
		11111111111111111111114A /* Hotkey.swift in Sources */ = {isa = PBXBuildFile; fileRef = 111111111111111111111146 /* Hotkey.swift */; };
		11111111111111111111114B /* HotkeyManager.swift in Sources */ = {isa = PBXBuildFile; fileRef = 111111111111111111111147 /* HotkeyManager.swift */; };
		111111111111111111111166 /* InputMonitoringPermission.swift in Sources */ = {isa = PBXBuildFile; fileRef = 111111111111111111111165 /* InputMonitoringPermission.swift */; };
		11111111111111111111114D /* HotkeyRecorderView.swift in Sources */ = {isa = PBXBuildFile; fileRef = 111111111111111111111149 /* HotkeyRecorderView.swift */; };
		111111111111111111111142 /* Keychain.swift in Sources */ = {isa = PBXBuildFile; fileRef = 111111111111111111111140 /* Keychain.swift */; };
		111111111111111111111139 /* OverlayPresenting.swift in Sources */ = {isa = PBXBuildFile; fileRef = 111111111111111111111132 /* OverlayPresenting.swift */; };
		11111111111111111111113A /* OverlayWindowController.swift in Sources */ = {isa = PBXBuildFile; fileRef = 111111111111111111111133 /* OverlayWindowController.swift */; };
		11111111111111111111113B /* OverlayView.swift in Sources */ = {isa = PBXBuildFile; fileRef = 111111111111111111111134 /* OverlayView.swift */; };
		11111111111111111111113C /* VisualEffectView.swift in Sources */ = {isa = PBXBuildFile; fileRef = 111111111111111111111135 /* VisualEffectView.swift */; };
		111111111111111111111117 /* SettingsStore.swift in Sources */ = {isa = PBXBuildFile; fileRef = 111111111111111111111118 /* SettingsStore.swift */; };
		111111111111111111111119 /* SettingsView.swift in Sources */ = {isa = PBXBuildFile; fileRef = 11111111111111111111111A /* SettingsView.swift */; };
/* End PBXBuildFile section */

/* Begin PBXFileReference section */
			11111111111111111111111B /* PKdictation.app */ = {isa = PBXFileReference; explicitFileType = wrapper.application; includeInIndex = 0; path = PKdictation.app; sourceTree = BUILT_PRODUCTS_DIR; };
			11111111111111111111111C /* PKdictationApp.swift */ = {isa = PBXFileReference; lastKnownFileType = sourcecode.swift; path = PKdictationApp.swift; sourceTree = "<group>"; };
		111111111111111111111114 /* AppDelegate.swift */ = {isa = PBXFileReference; lastKnownFileType = sourcecode.swift; path = AppDelegate.swift; sourceTree = "<group>"; };
		111111111111111111111116 /* AppModel.swift */ = {isa = PBXFileReference; lastKnownFileType = sourcecode.swift; path = AppModel.swift; sourceTree = "<group>"; };
		111111111111111111111160 /* Assets.xcassets */ = {isa = PBXFileReference; lastKnownFileType = folder.assetcatalog; path = Assets.xcassets; sourceTree = "<group>"; };
		111111111111111111111162 /* LogStore.swift */ = {isa = PBXFileReference; lastKnownFileType = sourcecode.swift; path = LogStore.swift; sourceTree = "<group>"; };
		11111111111111111111111D /* Info.plist */ = {isa = PBXFileReference; lastKnownFileType = text.plist.xml; path = Info.plist; sourceTree = "<group>"; };
		11111111111111111111112F /* AudioCaptureManager.swift */ = {isa = PBXFileReference; lastKnownFileType = sourcecode.swift; path = AudioCaptureManager.swift; sourceTree = "<group>"; };
		111111111111111111111167 /* MicrophonePermission.swift */ = {isa = PBXFileReference; lastKnownFileType = sourcecode.swift; path = MicrophonePermission.swift; sourceTree = "<group>"; };
		111111111111111111111130 /* AudioLevelMeter.swift */ = {isa = PBXFileReference; lastKnownFileType = sourcecode.swift; path = AudioLevelMeter.swift; sourceTree = "<group>"; };
		111111111111111111111131 /* DictationController.swift */ = {isa = PBXFileReference; lastKnownFileType = sourcecode.swift; path = DictationController.swift; sourceTree = "<group>"; };
		111111111111111111111141 /* GeminiClient.swift */ = {isa = PBXFileReference; lastKnownFileType = sourcecode.swift; path = GeminiClient.swift; sourceTree = "<group>"; };
		111111111111111111111148 /* AccessibilityPermission.swift */ = {isa = PBXFileReference; lastKnownFileType = sourcecode.swift; path = AccessibilityPermission.swift; sourceTree = "<group>"; };
		111111111111111111111146 /* Hotkey.swift */ = {isa = PBXFileReference; lastKnownFileType = sourcecode.swift; path = Hotkey.swift; sourceTree = "<group>"; };
		111111111111111111111147 /* HotkeyManager.swift */ = {isa = PBXFileReference; lastKnownFileType = sourcecode.swift; path = HotkeyManager.swift; sourceTree = "<group>"; };
		111111111111111111111165 /* InputMonitoringPermission.swift */ = {isa = PBXFileReference; lastKnownFileType = sourcecode.swift; path = InputMonitoringPermission.swift; sourceTree = "<group>"; };
		111111111111111111111149 /* HotkeyRecorderView.swift */ = {isa = PBXFileReference; lastKnownFileType = sourcecode.swift; path = HotkeyRecorderView.swift; sourceTree = "<group>"; };
		111111111111111111111140 /* Keychain.swift */ = {isa = PBXFileReference; lastKnownFileType = sourcecode.swift; path = Keychain.swift; sourceTree = "<group>"; };
		111111111111111111111132 /* OverlayPresenting.swift */ = {isa = PBXFileReference; lastKnownFileType = sourcecode.swift; path = OverlayPresenting.swift; sourceTree = "<group>"; };
		111111111111111111111133 /* OverlayWindowController.swift */ = {isa = PBXFileReference; lastKnownFileType = sourcecode.swift; path = OverlayWindowController.swift; sourceTree = "<group>"; };
		111111111111111111111134 /* OverlayView.swift */ = {isa = PBXFileReference; lastKnownFileType = sourcecode.swift; path = OverlayView.swift; sourceTree = "<group>"; };
		111111111111111111111135 /* VisualEffectView.swift */ = {isa = PBXFileReference; lastKnownFileType = sourcecode.swift; path = VisualEffectView.swift; sourceTree = "<group>"; };
		111111111111111111111118 /* SettingsStore.swift */ = {isa = PBXFileReference; lastKnownFileType = sourcecode.swift; path = SettingsStore.swift; sourceTree = "<group>"; };
		11111111111111111111111A /* SettingsView.swift */ = {isa = PBXFileReference; lastKnownFileType = sourcecode.swift; path = SettingsView.swift; sourceTree = "<group>"; };
/* End PBXFileReference section */

/* Begin PBXGroup section */
			111111111111111111111120 /* PKdictation */ = {
				isa = PBXGroup;
				children = (
					11111111111111111111111D /* Info.plist */,
					111111111111111111111160 /* Assets.xcassets */,
					11111111111111111111111C /* PKdictationApp.swift */,
					111111111111111111111114 /* AppDelegate.swift */,
					111111111111111111111116 /* AppModel.swift */,
					11111111111111111111113D /* Audio */,
				11111111111111111111113E /* Dictation */,
				111111111111111111111144 /* Gemini */,
				11111111111111111111114E /* Hotkey */,
				111111111111111111111164 /* Logging */,
				111111111111111111111145 /* Keychain */,
				11111111111111111111113F /* Overlay */,
				111111111111111111111121 /* Settings */,
			);
				path = PKdictation;
				sourceTree = "<group>";
			};
		11111111111111111111113D /* Audio */ = {
			isa = PBXGroup;
			children = (
				11111111111111111111112F /* AudioCaptureManager.swift */,
				111111111111111111111130 /* AudioLevelMeter.swift */,
				111111111111111111111167 /* MicrophonePermission.swift */,
			);
			path = Audio;
			sourceTree = "<group>";
		};
		11111111111111111111113E /* Dictation */ = {
			isa = PBXGroup;
			children = (
				111111111111111111111131 /* DictationController.swift */,
			);
			path = Dictation;
			sourceTree = "<group>";
		};
		111111111111111111111144 /* Gemini */ = {
			isa = PBXGroup;
			children = (
				111111111111111111111141 /* GeminiClient.swift */,
			);
			path = Gemini;
			sourceTree = "<group>";
		};
		111111111111111111111164 /* Logging */ = {
			isa = PBXGroup;
			children = (
				111111111111111111111162 /* LogStore.swift */,
			);
			path = Logging;
			sourceTree = "<group>";
		};
		111111111111111111111145 /* Keychain */ = {
			isa = PBXGroup;
			children = (
				111111111111111111111140 /* Keychain.swift */,
			);
			path = Keychain;
			sourceTree = "<group>";
		};
		11111111111111111111114E /* Hotkey */ = {
			isa = PBXGroup;
			children = (
				111111111111111111111148 /* AccessibilityPermission.swift */,
				111111111111111111111146 /* Hotkey.swift */,
				111111111111111111111147 /* HotkeyManager.swift */,
				111111111111111111111165 /* InputMonitoringPermission.swift */,
			);
			path = Hotkey;
			sourceTree = "<group>";
		};
		11111111111111111111113F /* Overlay */ = {
			isa = PBXGroup;
			children = (
				111111111111111111111132 /* OverlayPresenting.swift */,
				111111111111111111111133 /* OverlayWindowController.swift */,
				111111111111111111111134 /* OverlayView.swift */,
				111111111111111111111135 /* VisualEffectView.swift */,
			);
			path = Overlay;
			sourceTree = "<group>";
		};
		111111111111111111111121 /* Settings */ = {
			isa = PBXGroup;
			children = (
				111111111111111111111149 /* HotkeyRecorderView.swift */,
				111111111111111111111118 /* SettingsStore.swift */,
				11111111111111111111111A /* SettingsView.swift */,
			);
			path = Settings;
			sourceTree = "<group>";
		};
			111111111111111111111122 /* Products */ = {
				isa = PBXGroup;
				children = (
					11111111111111111111111B /* PKdictation.app */,
				);
				name = Products;
				sourceTree = "<group>";
			};
			111111111111111111111123 = {
				isa = PBXGroup;
				children = (
					111111111111111111111120 /* PKdictation */,
					111111111111111111111122 /* Products */,
				);
				sourceTree = "<group>";
			};
/* End PBXGroup section */

/* Begin PBXNativeTarget section */
			111111111111111111111124 /* PKdictation */ = {
				isa = PBXNativeTarget;
				buildConfigurationList = 111111111111111111111125 /* Build configuration list for PBXNativeTarget "PKdictation" */;
				buildPhases = (
					111111111111111111111126 /* Sources */,
					111111111111111111111127 /* Frameworks */,
					111111111111111111111128 /* Resources */,
			);
			buildRules = (
			);
				dependencies = (
				);
				name = PKdictation;
				productName = PKdictation;
				productReference = 11111111111111111111111B /* PKdictation.app */;
				productType = "com.apple.product-type.application";
			};
/* End PBXNativeTarget section */

/* Begin PBXProject section */
		111111111111111111111129 /* Project object */ = {
			isa = PBXProject;
			attributes = {
				BuildIndependentTargetsInParallel = 1;
				LastSwiftUpdateCheck = 1600;
				LastUpgradeCheck = 1600;
			};
				buildConfigurationList = 11111111111111111111112A /* Build configuration list for PBXProject "PKdictation" */;
			compatibilityVersion = "Xcode 15.0";
			developmentRegion = en;
			hasScannedForEncodings = 0;
			mainGroup = 111111111111111111111123;
			productRefGroup = 111111111111111111111122 /* Products */;
			projectDirPath = "";
				projectRoot = "";
				targets = (
					111111111111111111111124 /* PKdictation */,
				);
			};
/* End PBXProject section */

/* Begin PBXResourcesBuildPhase section */
		111111111111111111111128 /* Resources */ = {
			isa = PBXResourcesBuildPhase;
			buildActionMask = 2147483647;
			files = (
				111111111111111111111161 /* Assets.xcassets in Resources */,
			);
			runOnlyForDeploymentPostprocessing = 0;
		};
/* End PBXResourcesBuildPhase section */

/* Begin PBXFrameworksBuildPhase section */
		111111111111111111111127 /* Frameworks */ = {
			isa = PBXFrameworksBuildPhase;
			buildActionMask = 2147483647;
			files = (
			);
			runOnlyForDeploymentPostprocessing = 0;
		};
/* End PBXFrameworksBuildPhase section */

/* Begin PBXSourcesBuildPhase section */
		111111111111111111111126 /* Sources */ = {
			isa = PBXSourcesBuildPhase;
			buildActionMask = 2147483647;
				files = (
					111111111111111111111111 /* PKdictationApp.swift in Sources */,
					111111111111111111111113 /* AppDelegate.swift in Sources */,
					111111111111111111111115 /* AppModel.swift in Sources */,
					111111111111111111111163 /* LogStore.swift in Sources */,
					111111111111111111111136 /* AudioCaptureManager.swift in Sources */,
					111111111111111111111168 /* MicrophonePermission.swift in Sources */,
				111111111111111111111137 /* AudioLevelMeter.swift in Sources */,
				111111111111111111111138 /* DictationController.swift in Sources */,
				111111111111111111111143 /* GeminiClient.swift in Sources */,
				11111111111111111111114C /* AccessibilityPermission.swift in Sources */,
				11111111111111111111114A /* Hotkey.swift in Sources */,
				11111111111111111111114B /* HotkeyManager.swift in Sources */,
				111111111111111111111166 /* InputMonitoringPermission.swift in Sources */,
				11111111111111111111114D /* HotkeyRecorderView.swift in Sources */,
				111111111111111111111142 /* Keychain.swift in Sources */,
				111111111111111111111139 /* OverlayPresenting.swift in Sources */,
				11111111111111111111113A /* OverlayWindowController.swift in Sources */,
				11111111111111111111113B /* OverlayView.swift in Sources */,
				11111111111111111111113C /* VisualEffectView.swift in Sources */,
				111111111111111111111117 /* SettingsStore.swift in Sources */,
				111111111111111111111119 /* SettingsView.swift in Sources */,
			);
			runOnlyForDeploymentPostprocessing = 0;
		};
/* End PBXSourcesBuildPhase section */

/* Begin XCBuildConfiguration section */
		11111111111111111111112B /* Debug */ = {
			isa = XCBuildConfiguration;
			buildSettings = {
				CODE_SIGN_STYLE = Automatic;
				DEVELOPMENT_TEAM = "";
				MACOSX_DEPLOYMENT_TARGET = 13.0;
				PRODUCT_NAME = "$(TARGET_NAME)";
				SWIFT_VERSION = 5.0;
			};
			name = Debug;
		};
		11111111111111111111112C /* Release */ = {
			isa = XCBuildConfiguration;
			buildSettings = {
				CODE_SIGN_STYLE = Automatic;
				DEVELOPMENT_TEAM = "";
				MACOSX_DEPLOYMENT_TARGET = 13.0;
				PRODUCT_NAME = "$(TARGET_NAME)";
				SWIFT_VERSION = 5.0;
			};
			name = Release;
		};
			11111111111111111111112D /* Debug */ = {
				isa = XCBuildConfiguration;
				buildSettings = {
					ALWAYS_EMBED_SWIFT_STANDARD_LIBRARIES = YES;
					ALWAYS_SEARCH_USER_PATHS = NO;
					ASSETCATALOG_COMPILER_APPICON_NAME = AppIcon;
					CURRENT_PROJECT_VERSION = 1;
					EMBEDDED_CONTENT_CONTAINS_SWIFT = YES;
					GENERATE_INFOPLIST_FILE = NO;
						INFOPLIST_FILE = PKdictation/Info.plist;
						MARKETING_VERSION = 0.1;
						PRODUCT_BUNDLE_IDENTIFIER = com.example.PKdictation;
						SKIP_INSTALL = NO;
						SWIFT_EMIT_LOC_STRINGS = YES;
					};
				name = Debug;
			};
			11111111111111111111112E /* Release */ = {
				isa = XCBuildConfiguration;
				buildSettings = {
					ALWAYS_EMBED_SWIFT_STANDARD_LIBRARIES = YES;
					ALWAYS_SEARCH_USER_PATHS = NO;
					ASSETCATALOG_COMPILER_APPICON_NAME = AppIcon;
					CURRENT_PROJECT_VERSION = 1;
					EMBEDDED_CONTENT_CONTAINS_SWIFT = YES;
					GENERATE_INFOPLIST_FILE = NO;
						INFOPLIST_FILE = PKdictation/Info.plist;
						MARKETING_VERSION = 0.1;
						PRODUCT_BUNDLE_IDENTIFIER = com.example.PKdictation;
						SKIP_INSTALL = NO;
						SWIFT_EMIT_LOC_STRINGS = YES;
					};
			name = Release;
		};
/* End XCBuildConfiguration section */

/* Begin XCConfigurationList section */
			11111111111111111111112A /* Build configuration list for PBXProject "PKdictation" */ = {
			isa = XCConfigurationList;
			buildConfigurations = (
				11111111111111111111112B /* Debug */,
				11111111111111111111112C /* Release */,
			);
			defaultConfigurationIsVisible = 0;
			defaultConfigurationName = Release;
		};
			111111111111111111111125 /* Build configuration list for PBXNativeTarget "PKdictation" */ = {
			isa = XCConfigurationList;
			buildConfigurations = (
				11111111111111111111112D /* Debug */,
				11111111111111111111112E /* Release */,
			);
			defaultConfigurationIsVisible = 0;
			defaultConfigurationName = Release;
		};
/* End XCConfigurationList section */
	};
	rootObject = 111111111111111111111129 /* Project object */;
}
